// !$*UTF8*$!
{
	archiveVersion = 1;
	classes = {
	};
	objectVersion = 56;
	objects = {

/* Begin PBXBuildFile section */
		8B6692CE2C78D0F300F1F8C7 /* BigInt in Frameworks */ = {isa = PBXBuildFile; productRef = 8B6692CD2C78D0F300F1F8C7 /* BigInt */; };
		8BFE64AA2C7898C200DF770C /* ASN1.framework in Frameworks */ = {isa = PBXBuildFile; fileRef = 8BFE64A12C7898C100DF770C /* ASN1.framework */; };
		8BFE64D32C78992000DF770C /* ASN1Collection.swift in Sources */ = {isa = PBXBuildFile; fileRef = 8BFE64BB2C78992000DF770C /* ASN1Collection.swift */; };
		8BFE64D42C78992000DF770C /* ASN1OctetString.swift in Sources */ = {isa = PBXBuildFile; fileRef = 8BFE64BC2C78992000DF770C /* ASN1OctetString.swift */; };
		8BFE64D52C78992000DF770C /* ASN1Null.swift in Sources */ = {isa = PBXBuildFile; fileRef = 8BFE64BD2C78992000DF770C /* ASN1Null.swift */; };
		8BFE64D62C78992000DF770C /* ASN1PrintableString.swift in Sources */ = {isa = PBXBuildFile; fileRef = 8BFE64BE2C78992000DF770C /* ASN1PrintableString.swift */; };
		8BFE64D72C78992000DF770C /* ASN1SimpleType.swift in Sources */ = {isa = PBXBuildFile; fileRef = 8BFE64BF2C78992000DF770C /* ASN1SimpleType.swift */; };
		8BFE64D82C78992000DF770C /* ASN1Boolean.swift in Sources */ = {isa = PBXBuildFile; fileRef = 8BFE64C02C78992000DF770C /* ASN1Boolean.swift */; };
		8BFE64D92C78992000DF770C /* ASN1Integer.swift in Sources */ = {isa = PBXBuildFile; fileRef = 8BFE64C12C78992000DF770C /* ASN1Integer.swift */; };
		8BFE64DA2C78992000DF770C /* ASN1Exception.swift in Sources */ = {isa = PBXBuildFile; fileRef = 8BFE64C22C78992000DF770C /* ASN1Exception.swift */; };
		8BFE64DB2C78992000DF770C /* ASN1Set.swift in Sources */ = {isa = PBXBuildFile; fileRef = 8BFE64C32C78992000DF770C /* ASN1Set.swift */; };
		8BFE64DC2C78992000DF770C /* ASN1Sequence.swift in Sources */ = {isa = PBXBuildFile; fileRef = 8BFE64C42C78992000DF770C /* ASN1Sequence.swift */; };
		8BFE64DE2C78992000DF770C /* ASN1UTF8String.swift in Sources */ = {isa = PBXBuildFile; fileRef = 8BFE64C62C78992000DF770C /* ASN1UTF8String.swift */; };
		8BFE64DF2C78992000DF770C /* ASN1ObjectIdentifier.swift in Sources */ = {isa = PBXBuildFile; fileRef = 8BFE64C72C78992000DF770C /* ASN1ObjectIdentifier.swift */; };
		8BFE64E02C78992000DF770C /* ASN1BitString.swift in Sources */ = {isa = PBXBuildFile; fileRef = 8BFE64C82C78992000DF770C /* ASN1BitString.swift */; };
		8BFE64E12C78992000DF770C /* InputStream.swift in Sources */ = {isa = PBXBuildFile; fileRef = 8BFE64C92C78992000DF770C /* InputStream.swift */; };
		8BFE64E22C78992000DF770C /* ASN1T61String.swift in Sources */ = {isa = PBXBuildFile; fileRef = 8BFE64CA2C78992000DF770C /* ASN1T61String.swift */; };
		8BFE64E32C78992000DF770C /* ASN1Ctx.swift in Sources */ = {isa = PBXBuildFile; fileRef = 8BFE64CB2C78992000DF770C /* ASN1Ctx.swift */; };
		8BFE64E42C78992000DF770C /* ASN1GeneralizedTime.swift in Sources */ = {isa = PBXBuildFile; fileRef = 8BFE64CC2C78992000DF770C /* ASN1GeneralizedTime.swift */; };
		8BFE64E52C78992000DF770C /* ASN1UTCTime.swift in Sources */ = {isa = PBXBuildFile; fileRef = 8BFE64CD2C78992000DF770C /* ASN1UTCTime.swift */; };
		8BFE64E62C78992000DF770C /* ASN1IA5String.swift in Sources */ = {isa = PBXBuildFile; fileRef = 8BFE64CE2C78992000DF770C /* ASN1IA5String.swift */; };
		8BFE64E72C78992000DF770C /* ASN1BMPString.swift in Sources */ = {isa = PBXBuildFile; fileRef = 8BFE64CF2C78992000DF770C /* ASN1BMPString.swift */; };
		8BFE64E82C78992000DF770C /* ASN1.swift in Sources */ = {isa = PBXBuildFile; fileRef = 8BFE64D02C78992000DF770C /* ASN1.swift */; };
		8BFE64E92C78992000DF770C /* ASN1Time.swift in Sources */ = {isa = PBXBuildFile; fileRef = 8BFE64D12C78992000DF770C /* ASN1Time.swift */; };
		8BFE64EA2C78992000DF770C /* ASN1.h in Headers */ = {isa = PBXBuildFile; fileRef = 8BFE64D22C78992000DF770C /* ASN1.h */; settings = {ATTRIBUTES = (Public, ); }; };
		8BFE69A52C78997800DF770C /* ErrorTests.swift in Sources */ = {isa = PBXBuildFile; fileRef = 8BFE69A22C78997800DF770C /* ErrorTests.swift */; };
		8BFE69A62C78997900DF770C /* ASN1Tests.swift in Sources */ = {isa = PBXBuildFile; fileRef = 8BFE69A32C78997800DF770C /* ASN1Tests.swift */; };
		8BFE69A72C78997900DF770C /* PerformanceTest.swift in Sources */ = {isa = PBXBuildFile; fileRef = 8BFE69A42C78997800DF770C /* PerformanceTest.swift */; };
		8BFE69B02C7899DC00DF770C /* PrivacyInfo.xcprivacy in Resources */ = {isa = PBXBuildFile; fileRef = 8BFE69AF2C7899DC00DF770C /* PrivacyInfo.xcprivacy */; };
/* End PBXBuildFile section */

/* Begin PBXContainerItemProxy section */
		8BFE64AB2C7898C200DF770C /* PBXContainerItemProxy */ = {
			isa = PBXContainerItemProxy;
			containerPortal = 8BFE64982C7898C100DF770C /* Project object */;
			proxyType = 1;
			remoteGlobalIDString = 8BFE64A02C7898C100DF770C;
			remoteInfo = ASN1;
		};
/* End PBXContainerItemProxy section */

/* Begin PBXFileReference section */
		8BFE64A12C7898C100DF770C /* ASN1.framework */ = {isa = PBXFileReference; explicitFileType = wrapper.framework; includeInIndex = 0; path = ASN1.framework; sourceTree = BUILT_PRODUCTS_DIR; };
		8BFE64A92C7898C200DF770C /* ASN1Tests.xctest */ = {isa = PBXFileReference; explicitFileType = wrapper.cfbundle; includeInIndex = 0; path = ASN1Tests.xctest; sourceTree = BUILT_PRODUCTS_DIR; };
		8BFE64BB2C78992000DF770C /* ASN1Collection.swift */ = {isa = PBXFileReference; fileEncoding = 4; lastKnownFileType = sourcecode.swift; path = ASN1Collection.swift; sourceTree = "<group>"; };
		8BFE64BC2C78992000DF770C /* ASN1OctetString.swift */ = {isa = PBXFileReference; fileEncoding = 4; lastKnownFileType = sourcecode.swift; path = ASN1OctetString.swift; sourceTree = "<group>"; };
		8BFE64BD2C78992000DF770C /* ASN1Null.swift */ = {isa = PBXFileReference; fileEncoding = 4; lastKnownFileType = sourcecode.swift; path = ASN1Null.swift; sourceTree = "<group>"; };
		8BFE64BE2C78992000DF770C /* ASN1PrintableString.swift */ = {isa = PBXFileReference; fileEncoding = 4; lastKnownFileType = sourcecode.swift; path = ASN1PrintableString.swift; sourceTree = "<group>"; };
		8BFE64BF2C78992000DF770C /* ASN1SimpleType.swift */ = {isa = PBXFileReference; fileEncoding = 4; lastKnownFileType = sourcecode.swift; path = ASN1SimpleType.swift; sourceTree = "<group>"; };
		8BFE64C02C78992000DF770C /* ASN1Boolean.swift */ = {isa = PBXFileReference; fileEncoding = 4; lastKnownFileType = sourcecode.swift; path = ASN1Boolean.swift; sourceTree = "<group>"; };
		8BFE64C12C78992000DF770C /* ASN1Integer.swift */ = {isa = PBXFileReference; fileEncoding = 4; lastKnownFileType = sourcecode.swift; path = ASN1Integer.swift; sourceTree = "<group>"; };
		8BFE64C22C78992000DF770C /* ASN1Exception.swift */ = {isa = PBXFileReference; fileEncoding = 4; lastKnownFileType = sourcecode.swift; path = ASN1Exception.swift; sourceTree = "<group>"; };
		8BFE64C32C78992000DF770C /* ASN1Set.swift */ = {isa = PBXFileReference; fileEncoding = 4; lastKnownFileType = sourcecode.swift; path = ASN1Set.swift; sourceTree = "<group>"; };
		8BFE64C42C78992000DF770C /* ASN1Sequence.swift */ = {isa = PBXFileReference; fileEncoding = 4; lastKnownFileType = sourcecode.swift; path = ASN1Sequence.swift; sourceTree = "<group>"; };
		8BFE64C52C78992000DF770C /* ASN1.docc */ = {isa = PBXFileReference; lastKnownFileType = folder.documentationcatalog; path = ASN1.docc; sourceTree = "<group>"; };
		8BFE64C62C78992000DF770C /* ASN1UTF8String.swift */ = {isa = PBXFileReference; fileEncoding = 4; lastKnownFileType = sourcecode.swift; path = ASN1UTF8String.swift; sourceTree = "<group>"; };
		8BFE64C72C78992000DF770C /* ASN1ObjectIdentifier.swift */ = {isa = PBXFileReference; fileEncoding = 4; lastKnownFileType = sourcecode.swift; path = ASN1ObjectIdentifier.swift; sourceTree = "<group>"; };
		8BFE64C82C78992000DF770C /* ASN1BitString.swift */ = {isa = PBXFileReference; fileEncoding = 4; lastKnownFileType = sourcecode.swift; path = ASN1BitString.swift; sourceTree = "<group>"; };
		8BFE64C92C78992000DF770C /* InputStream.swift */ = {isa = PBXFileReference; fileEncoding = 4; lastKnownFileType = sourcecode.swift; path = InputStream.swift; sourceTree = "<group>"; };
		8BFE64CA2C78992000DF770C /* ASN1T61String.swift */ = {isa = PBXFileReference; fileEncoding = 4; lastKnownFileType = sourcecode.swift; path = ASN1T61String.swift; sourceTree = "<group>"; };
		8BFE64CB2C78992000DF770C /* ASN1Ctx.swift */ = {isa = PBXFileReference; fileEncoding = 4; lastKnownFileType = sourcecode.swift; path = ASN1Ctx.swift; sourceTree = "<group>"; };
		8BFE64CC2C78992000DF770C /* ASN1GeneralizedTime.swift */ = {isa = PBXFileReference; fileEncoding = 4; lastKnownFileType = sourcecode.swift; path = ASN1GeneralizedTime.swift; sourceTree = "<group>"; };
		8BFE64CD2C78992000DF770C /* ASN1UTCTime.swift */ = {isa = PBXFileReference; fileEncoding = 4; lastKnownFileType = sourcecode.swift; path = ASN1UTCTime.swift; sourceTree = "<group>"; };
		8BFE64CE2C78992000DF770C /* ASN1IA5String.swift */ = {isa = PBXFileReference; fileEncoding = 4; lastKnownFileType = sourcecode.swift; path = ASN1IA5String.swift; sourceTree = "<group>"; };
		8BFE64CF2C78992000DF770C /* ASN1BMPString.swift */ = {isa = PBXFileReference; fileEncoding = 4; lastKnownFileType = sourcecode.swift; path = ASN1BMPString.swift; sourceTree = "<group>"; };
		8BFE64D02C78992000DF770C /* ASN1.swift */ = {isa = PBXFileReference; fileEncoding = 4; lastKnownFileType = sourcecode.swift; path = ASN1.swift; sourceTree = "<group>"; };
		8BFE64D12C78992000DF770C /* ASN1Time.swift */ = {isa = PBXFileReference; fileEncoding = 4; lastKnownFileType = sourcecode.swift; path = ASN1Time.swift; sourceTree = "<group>"; };
		8BFE64D22C78992000DF770C /* ASN1.h */ = {isa = PBXFileReference; fileEncoding = 4; lastKnownFileType = sourcecode.c.h; path = ASN1.h; sourceTree = "<group>"; };
		8BFE69A22C78997800DF770C /* ErrorTests.swift */ = {isa = PBXFileReference; fileEncoding = 4; lastKnownFileType = sourcecode.swift; path = ErrorTests.swift; sourceTree = "<group>"; };
		8BFE69A32C78997800DF770C /* ASN1Tests.swift */ = {isa = PBXFileReference; fileEncoding = 4; lastKnownFileType = sourcecode.swift; path = ASN1Tests.swift; sourceTree = "<group>"; };
		8BFE69A42C78997800DF770C /* PerformanceTest.swift */ = {isa = PBXFileReference; fileEncoding = 4; lastKnownFileType = sourcecode.swift; path = PerformanceTest.swift; sourceTree = "<group>"; };
		8BFE69A82C78998E00DF770C /* README.md */ = {isa = PBXFileReference; lastKnownFileType = net.daringfireball.markdown; path = README.md; sourceTree = "<group>"; };
		8BFE69AA2C78998E00DF770C /* ASN1.podspec */ = {isa = PBXFileReference; lastKnownFileType = text; path = ASN1.podspec; sourceTree = "<group>"; };
		8BFE69AB2C78998E00DF770C /* .gitignore */ = {isa = PBXFileReference; lastKnownFileType = text; path = .gitignore; sourceTree = "<group>"; };
		8BFE69AC2C78998E00DF770C /* Package.swift */ = {isa = PBXFileReference; lastKnownFileType = sourcecode.swift; path = Package.swift; sourceTree = "<group>"; };
		8BFE69AE2C78998E00DF770C /* LICENSE */ = {isa = PBXFileReference; lastKnownFileType = text; path = LICENSE; sourceTree = "<group>"; };
		8BFE69AF2C7899DC00DF770C /* PrivacyInfo.xcprivacy */ = {isa = PBXFileReference; fileEncoding = 4; lastKnownFileType = text.xml; path = PrivacyInfo.xcprivacy; sourceTree = "<group>"; };
/* End PBXFileReference section */

/* Begin PBXFrameworksBuildPhase section */
		8BFE649E2C7898C100DF770C /* Frameworks */ = {
			isa = PBXFrameworksBuildPhase;
			buildActionMask = 2147483647;
			files = (
				8B6692CE2C78D0F300F1F8C7 /* BigInt in Frameworks */,
			);
			runOnlyForDeploymentPostprocessing = 0;
		};
		8BFE64A62C7898C200DF770C /* Frameworks */ = {
			isa = PBXFrameworksBuildPhase;
			buildActionMask = 2147483647;
			files = (
				8BFE64AA2C7898C200DF770C /* ASN1.framework in Frameworks */,
			);
			runOnlyForDeploymentPostprocessing = 0;
		};
/* End PBXFrameworksBuildPhase section */

/* Begin PBXGroup section */
		8BFE64972C7898C100DF770C = {
			isa = PBXGroup;
			children = (
				8BFE64B92C78992000DF770C /* Sources */,
				8BFE69A02C78997800DF770C /* Tests */,
				8BFE69AB2C78998E00DF770C /* .gitignore */,
				8BFE69AE2C78998E00DF770C /* LICENSE */,
				8BFE69A82C78998E00DF770C /* README.md */,
				8BFE69AA2C78998E00DF770C /* ASN1.podspec */,
				8BFE69AC2C78998E00DF770C /* Package.swift */,
				8BFE64A22C7898C100DF770C /* Products */,
			);
			sourceTree = "<group>";
		};
		8BFE64A22C7898C100DF770C /* Products */ = {
			isa = PBXGroup;
			children = (
				8BFE64A12C7898C100DF770C /* ASN1.framework */,
				8BFE64A92C7898C200DF770C /* ASN1Tests.xctest */,
			);
			name = Products;
			sourceTree = "<group>";
		};
		8BFE64B92C78992000DF770C /* Sources */ = {
			isa = PBXGroup;
			children = (
				8BFE64BA2C78992000DF770C /* ASN1 */,
				8BFE64D22C78992000DF770C /* ASN1.h */,
			);
			path = Sources;
			sourceTree = "<group>";
		};
		8BFE64BA2C78992000DF770C /* ASN1 */ = {
			isa = PBXGroup;
			children = (
				8BFE64C52C78992000DF770C /* ASN1.docc */,
				8BFE69AF2C7899DC00DF770C /* PrivacyInfo.xcprivacy */,
				8BFE64BB2C78992000DF770C /* ASN1Collection.swift */,
				8BFE64BC2C78992000DF770C /* ASN1OctetString.swift */,
				8BFE64BD2C78992000DF770C /* ASN1Null.swift */,
				8BFE64BE2C78992000DF770C /* ASN1PrintableString.swift */,
				8BFE64BF2C78992000DF770C /* ASN1SimpleType.swift */,
				8BFE64C02C78992000DF770C /* ASN1Boolean.swift */,
				8BFE64C12C78992000DF770C /* ASN1Integer.swift */,
				8BFE64C22C78992000DF770C /* ASN1Exception.swift */,
				8BFE64C32C78992000DF770C /* ASN1Set.swift */,
				8BFE64C42C78992000DF770C /* ASN1Sequence.swift */,
				8BFE64C62C78992000DF770C /* ASN1UTF8String.swift */,
				8BFE64C72C78992000DF770C /* ASN1ObjectIdentifier.swift */,
				8BFE64C82C78992000DF770C /* ASN1BitString.swift */,
				8BFE64C92C78992000DF770C /* InputStream.swift */,
				8BFE64CA2C78992000DF770C /* ASN1T61String.swift */,
				8BFE64CB2C78992000DF770C /* ASN1Ctx.swift */,
				8BFE64CC2C78992000DF770C /* ASN1GeneralizedTime.swift */,
				8BFE64CD2C78992000DF770C /* ASN1UTCTime.swift */,
				8BFE64CE2C78992000DF770C /* ASN1IA5String.swift */,
				8BFE64CF2C78992000DF770C /* ASN1BMPString.swift */,
				8BFE64D02C78992000DF770C /* ASN1.swift */,
				8BFE64D12C78992000DF770C /* ASN1Time.swift */,
			);
			path = ASN1;
			sourceTree = "<group>";
		};
		8BFE69A02C78997800DF770C /* Tests */ = {
			isa = PBXGroup;
			children = (
				8BFE69A12C78997800DF770C /* ASN1Tests */,
			);
			path = Tests;
			sourceTree = "<group>";
		};
		8BFE69A12C78997800DF770C /* ASN1Tests */ = {
			isa = PBXGroup;
			children = (
				8BFE69A22C78997800DF770C /* ErrorTests.swift */,
				8BFE69A32C78997800DF770C /* ASN1Tests.swift */,
				8BFE69A42C78997800DF770C /* PerformanceTest.swift */,
			);
			path = ASN1Tests;
			sourceTree = "<group>";
		};
/* End PBXGroup section */

/* Begin PBXHeadersBuildPhase section */
		8BFE649C2C7898C100DF770C /* Headers */ = {
			isa = PBXHeadersBuildPhase;
			buildActionMask = 2147483647;
			files = (
				8BFE64EA2C78992000DF770C /* ASN1.h in Headers */,
			);
			runOnlyForDeploymentPostprocessing = 0;
		};
/* End PBXHeadersBuildPhase section */

/* Begin PBXNativeTarget section */
		8BFE64A02C7898C100DF770C /* ASN1 */ = {
			isa = PBXNativeTarget;
			buildConfigurationList = 8BFE64B32C7898C200DF770C /* Build configuration list for PBXNativeTarget "ASN1" */;
			buildPhases = (
				8BFE649C2C7898C100DF770C /* Headers */,
				8BFE649D2C7898C100DF770C /* Sources */,
				8BFE649E2C7898C100DF770C /* Frameworks */,
				8BFE649F2C7898C100DF770C /* Resources */,
			);
			buildRules = (
			);
			dependencies = (
			);
			name = ASN1;
			packageProductDependencies = (
				8B6692CD2C78D0F300F1F8C7 /* BigInt */,
			);
			productName = ASN1;
			productReference = 8BFE64A12C7898C100DF770C /* ASN1.framework */;
			productType = "com.apple.product-type.framework";
		};
		8BFE64A82C7898C200DF770C /* ASN1Tests */ = {
			isa = PBXNativeTarget;
			buildConfigurationList = 8BFE64B62C7898C200DF770C /* Build configuration list for PBXNativeTarget "ASN1Tests" */;
			buildPhases = (
				8BFE64A52C7898C200DF770C /* Sources */,
				8BFE64A62C7898C200DF770C /* Frameworks */,
				8BFE64A72C7898C200DF770C /* Resources */,
			);
			buildRules = (
			);
			dependencies = (
				8BFE64AC2C7898C200DF770C /* PBXTargetDependency */,
			);
			name = ASN1Tests;
			productName = ASN1Tests;
			productReference = 8BFE64A92C7898C200DF770C /* ASN1Tests.xctest */;
			productType = "com.apple.product-type.bundle.unit-test";
		};
/* End PBXNativeTarget section */

/* Begin PBXProject section */
		8BFE64982C7898C100DF770C /* Project object */ = {
			isa = PBXProject;
			attributes = {
				BuildIndependentTargetsInParallel = 1;
				LastSwiftUpdateCheck = 1520;
				LastUpgradeCheck = 1520;
				TargetAttributes = {
					8BFE64A02C7898C100DF770C = {
						CreatedOnToolsVersion = 15.2;
					};
					8BFE64A82C7898C200DF770C = {
						CreatedOnToolsVersion = 15.2;
					};
				};
			};
			buildConfigurationList = 8BFE649B2C7898C100DF770C /* Build configuration list for PBXProject "ASN1" */;
			compatibilityVersion = "Xcode 14.0";
			developmentRegion = en;
			hasScannedForEncodings = 0;
			knownRegions = (
				en,
				Base,
			);
			mainGroup = 8BFE64972C7898C100DF770C;
			packageReferences = (
				8B6692CC2C78D0F300F1F8C7 /* XCRemoteSwiftPackageReference "BigInt" */,
			);
			productRefGroup = 8BFE64A22C7898C100DF770C /* Products */;
			projectDirPath = "";
			projectRoot = "";
			targets = (
				8BFE64A02C7898C100DF770C /* ASN1 */,
				8BFE64A82C7898C200DF770C /* ASN1Tests */,
			);
		};
/* End PBXProject section */

/* Begin PBXResourcesBuildPhase section */
		8BFE649F2C7898C100DF770C /* Resources */ = {
			isa = PBXResourcesBuildPhase;
			buildActionMask = 2147483647;
			files = (
				8BFE69B02C7899DC00DF770C /* PrivacyInfo.xcprivacy in Resources */,
			);
			runOnlyForDeploymentPostprocessing = 0;
		};
		8BFE64A72C7898C200DF770C /* Resources */ = {
			isa = PBXResourcesBuildPhase;
			buildActionMask = 2147483647;
			files = (
			);
			runOnlyForDeploymentPostprocessing = 0;
		};
/* End PBXResourcesBuildPhase section */

/* Begin PBXSourcesBuildPhase section */
		8BFE649D2C7898C100DF770C /* Sources */ = {
			isa = PBXSourcesBuildPhase;
			buildActionMask = 2147483647;
			files = (
				8BFE64E42C78992000DF770C /* ASN1GeneralizedTime.swift in Sources */,
				8BFE64DA2C78992000DF770C /* ASN1Exception.swift in Sources */,
				8BFE64E02C78992000DF770C /* ASN1BitString.swift in Sources */,
				8BFE64E52C78992000DF770C /* ASN1UTCTime.swift in Sources */,
				8BFE64E82C78992000DF770C /* ASN1.swift in Sources */,
				8BFE64D32C78992000DF770C /* ASN1Collection.swift in Sources */,
				8BFE64E22C78992000DF770C /* ASN1T61String.swift in Sources */,
				8BFE64E32C78992000DF770C /* ASN1Ctx.swift in Sources */,
				8BFE64D82C78992000DF770C /* ASN1Boolean.swift in Sources */,
				8BFE64E12C78992000DF770C /* InputStream.swift in Sources */,
				8BFE64DC2C78992000DF770C /* ASN1Sequence.swift in Sources */,
				8BFE64E72C78992000DF770C /* ASN1BMPString.swift in Sources */,
				8BFE64D42C78992000DF770C /* ASN1OctetString.swift in Sources */,
				8BFE64DF2C78992000DF770C /* ASN1ObjectIdentifier.swift in Sources */,
				8BFE64DB2C78992000DF770C /* ASN1Set.swift in Sources */,
				8BFE64D92C78992000DF770C /* ASN1Integer.swift in Sources */,
				8BFE64D52C78992000DF770C /* ASN1Null.swift in Sources */,
				8BFE64E62C78992000DF770C /* ASN1IA5String.swift in Sources */,
				8BFE64E92C78992000DF770C /* ASN1Time.swift in Sources */,
				8BFE64DE2C78992000DF770C /* ASN1UTF8String.swift in Sources */,
				8BFE64D72C78992000DF770C /* ASN1SimpleType.swift in Sources */,
				8BFE64D62C78992000DF770C /* ASN1PrintableString.swift in Sources */,
			);
			runOnlyForDeploymentPostprocessing = 0;
		};
		8BFE64A52C7898C200DF770C /* Sources */ = {
			isa = PBXSourcesBuildPhase;
			buildActionMask = 2147483647;
			files = (
				8BFE69A72C78997900DF770C /* PerformanceTest.swift in Sources */,
				8BFE69A62C78997900DF770C /* ASN1Tests.swift in Sources */,
				8BFE69A52C78997800DF770C /* ErrorTests.swift in Sources */,
			);
			runOnlyForDeploymentPostprocessing = 0;
		};
/* End PBXSourcesBuildPhase section */

/* Begin PBXTargetDependency section */
		8BFE64AC2C7898C200DF770C /* PBXTargetDependency */ = {
			isa = PBXTargetDependency;
			target = 8BFE64A02C7898C100DF770C /* ASN1 */;
			targetProxy = 8BFE64AB2C7898C200DF770C /* PBXContainerItemProxy */;
		};
/* End PBXTargetDependency section */

/* Begin XCBuildConfiguration section */
		8BFE64B12C7898C200DF770C /* Debug */ = {
			isa = XCBuildConfiguration;
			buildSettings = {
				ALWAYS_SEARCH_USER_PATHS = NO;
				ASSETCATALOG_COMPILER_GENERATE_SWIFT_ASSET_SYMBOL_EXTENSIONS = YES;
				CLANG_ANALYZER_NONNULL = YES;
				CLANG_ANALYZER_NUMBER_OBJECT_CONVERSION = YES_AGGRESSIVE;
				CLANG_CXX_LANGUAGE_STANDARD = "gnu++20";
				CLANG_ENABLE_MODULES = YES;
				CLANG_ENABLE_OBJC_ARC = YES;
				CLANG_ENABLE_OBJC_WEAK = YES;
				CLANG_WARN_BLOCK_CAPTURE_AUTORELEASING = YES;
				CLANG_WARN_BOOL_CONVERSION = YES;
				CLANG_WARN_COMMA = YES;
				CLANG_WARN_CONSTANT_CONVERSION = YES;
				CLANG_WARN_DEPRECATED_OBJC_IMPLEMENTATIONS = YES;
				CLANG_WARN_DIRECT_OBJC_ISA_USAGE = YES_ERROR;
				CLANG_WARN_DOCUMENTATION_COMMENTS = YES;
				CLANG_WARN_EMPTY_BODY = YES;
				CLANG_WARN_ENUM_CONVERSION = YES;
				CLANG_WARN_INFINITE_RECURSION = YES;
				CLANG_WARN_INT_CONVERSION = YES;
				CLANG_WARN_NON_LITERAL_NULL_CONVERSION = YES;
				CLANG_WARN_OBJC_IMPLICIT_RETAIN_SELF = YES;
				CLANG_WARN_OBJC_LITERAL_CONVERSION = YES;
				CLANG_WARN_OBJC_ROOT_CLASS = YES_ERROR;
				CLANG_WARN_QUOTED_INCLUDE_IN_FRAMEWORK_HEADER = YES;
				CLANG_WARN_RANGE_LOOP_ANALYSIS = YES;
				CLANG_WARN_STRICT_PROTOTYPES = YES;
				CLANG_WARN_SUSPICIOUS_MOVE = YES;
				CLANG_WARN_UNGUARDED_AVAILABILITY = YES_AGGRESSIVE;
				CLANG_WARN_UNREACHABLE_CODE = YES;
				CLANG_WARN__DUPLICATE_METHOD_MATCH = YES;
				COPY_PHASE_STRIP = NO;
				CURRENT_PROJECT_VERSION = 1;
				DEBUG_INFORMATION_FORMAT = dwarf;
				ENABLE_STRICT_OBJC_MSGSEND = YES;
				ENABLE_TESTABILITY = YES;
				ENABLE_USER_SCRIPT_SANDBOXING = YES;
				GCC_C_LANGUAGE_STANDARD = gnu17;
				GCC_DYNAMIC_NO_PIC = NO;
				GCC_NO_COMMON_BLOCKS = YES;
				GCC_OPTIMIZATION_LEVEL = 0;
				GCC_PREPROCESSOR_DEFINITIONS = (
					"DEBUG=1",
					"$(inherited)",
				);
				GCC_WARN_64_TO_32_BIT_CONVERSION = YES;
				GCC_WARN_ABOUT_RETURN_TYPE = YES_ERROR;
				GCC_WARN_UNDECLARED_SELECTOR = YES;
				GCC_WARN_UNINITIALIZED_AUTOS = YES_AGGRESSIVE;
				GCC_WARN_UNUSED_FUNCTION = YES;
				GCC_WARN_UNUSED_VARIABLE = YES;
				LOCALIZATION_PREFERS_STRING_CATALOGS = YES;
				MTL_ENABLE_DEBUG_INFO = INCLUDE_SOURCE;
				MTL_FAST_MATH = YES;
				ONLY_ACTIVE_ARCH = YES;
				SWIFT_ACTIVE_COMPILATION_CONDITIONS = "DEBUG $(inherited)";
				SWIFT_OPTIMIZATION_LEVEL = "-Onone";
				VERSIONING_SYSTEM = "apple-generic";
				VERSION_INFO_PREFIX = "";
			};
			name = Debug;
		};
		8BFE64B22C7898C200DF770C /* Release */ = {
			isa = XCBuildConfiguration;
			buildSettings = {
				ALWAYS_SEARCH_USER_PATHS = NO;
				ASSETCATALOG_COMPILER_GENERATE_SWIFT_ASSET_SYMBOL_EXTENSIONS = YES;
				CLANG_ANALYZER_NONNULL = YES;
				CLANG_ANALYZER_NUMBER_OBJECT_CONVERSION = YES_AGGRESSIVE;
				CLANG_CXX_LANGUAGE_STANDARD = "gnu++20";
				CLANG_ENABLE_MODULES = YES;
				CLANG_ENABLE_OBJC_ARC = YES;
				CLANG_ENABLE_OBJC_WEAK = YES;
				CLANG_WARN_BLOCK_CAPTURE_AUTORELEASING = YES;
				CLANG_WARN_BOOL_CONVERSION = YES;
				CLANG_WARN_COMMA = YES;
				CLANG_WARN_CONSTANT_CONVERSION = YES;
				CLANG_WARN_DEPRECATED_OBJC_IMPLEMENTATIONS = YES;
				CLANG_WARN_DIRECT_OBJC_ISA_USAGE = YES_ERROR;
				CLANG_WARN_DOCUMENTATION_COMMENTS = YES;
				CLANG_WARN_EMPTY_BODY = YES;
				CLANG_WARN_ENUM_CONVERSION = YES;
				CLANG_WARN_INFINITE_RECURSION = YES;
				CLANG_WARN_INT_CONVERSION = YES;
				CLANG_WARN_NON_LITERAL_NULL_CONVERSION = YES;
				CLANG_WARN_OBJC_IMPLICIT_RETAIN_SELF = YES;
				CLANG_WARN_OBJC_LITERAL_CONVERSION = YES;
				CLANG_WARN_OBJC_ROOT_CLASS = YES_ERROR;
				CLANG_WARN_QUOTED_INCLUDE_IN_FRAMEWORK_HEADER = YES;
				CLANG_WARN_RANGE_LOOP_ANALYSIS = YES;
				CLANG_WARN_STRICT_PROTOTYPES = YES;
				CLANG_WARN_SUSPICIOUS_MOVE = YES;
				CLANG_WARN_UNGUARDED_AVAILABILITY = YES_AGGRESSIVE;
				CLANG_WARN_UNREACHABLE_CODE = YES;
				CLANG_WARN__DUPLICATE_METHOD_MATCH = YES;
				COPY_PHASE_STRIP = NO;
				CURRENT_PROJECT_VERSION = 1;
				DEBUG_INFORMATION_FORMAT = "dwarf-with-dsym";
				ENABLE_NS_ASSERTIONS = NO;
				ENABLE_STRICT_OBJC_MSGSEND = YES;
				ENABLE_USER_SCRIPT_SANDBOXING = YES;
				GCC_C_LANGUAGE_STANDARD = gnu17;
				GCC_NO_COMMON_BLOCKS = YES;
				GCC_WARN_64_TO_32_BIT_CONVERSION = YES;
				GCC_WARN_ABOUT_RETURN_TYPE = YES_ERROR;
				GCC_WARN_UNDECLARED_SELECTOR = YES;
				GCC_WARN_UNINITIALIZED_AUTOS = YES_AGGRESSIVE;
				GCC_WARN_UNUSED_FUNCTION = YES;
				GCC_WARN_UNUSED_VARIABLE = YES;
				LOCALIZATION_PREFERS_STRING_CATALOGS = YES;
				MTL_ENABLE_DEBUG_INFO = NO;
				MTL_FAST_MATH = YES;
				SWIFT_COMPILATION_MODE = wholemodule;
				VERSIONING_SYSTEM = "apple-generic";
				VERSION_INFO_PREFIX = "";
			};
			name = Release;
		};
		8BFE64B42C7898C200DF770C /* Debug */ = {
			isa = XCBuildConfiguration;
			buildSettings = {
				CODE_SIGN_STYLE = Automatic;
				CURRENT_PROJECT_VERSION = 4;
				DEFINES_MODULE = YES;
				DYLIB_COMPATIBILITY_VERSION = 1;
				DYLIB_CURRENT_VERSION = 1;
				DYLIB_INSTALL_NAME_BASE = "@rpath";
				ENABLE_MODULE_VERIFIER = YES;
				EXCLUDED_ARCHS = "";
				GENERATE_INFOPLIST_FILE = YES;
				INFOPLIST_KEY_NSHumanReadableCopyright = "";
				INSTALL_PATH = "$(LOCAL_LIBRARY_DIR)/Frameworks";
				IPHONEOS_DEPLOYMENT_TARGET = 11.0;
				LD_RUNPATH_SEARCH_PATHS = (
					"@executable_path/Frameworks",
					"@loader_path/Frameworks",
				);
				"LD_RUNPATH_SEARCH_PATHS[sdk=macosx*]" = (
					"@executable_path/../Frameworks",
					"@loader_path/Frameworks",
				);
				MACOSX_DEPLOYMENT_TARGET = 13.6;
				MARKETING_VERSION = 2.7.2;
				MODULE_VERIFIER_SUPPORTED_LANGUAGES = "objective-c objective-c++";
				MODULE_VERIFIER_SUPPORTED_LANGUAGE_STANDARDS = "gnu17 gnu++20";
				PRODUCT_BUNDLE_IDENTIFIER = org.zeit.asn1;
				PRODUCT_NAME = "$(TARGET_NAME:c99extidentifier)";
				SDKROOT = auto;
				SKIP_INSTALL = YES;
				SUPPORTED_PLATFORMS = "appletvos appletvsimulator iphoneos iphonesimulator macosx watchos watchsimulator xros xrsimulator";
				SUPPORTS_MACCATALYST = YES;
				SWIFT_EMIT_LOC_STRINGS = YES;
				SWIFT_VERSION = 5.0;
				TARGETED_DEVICE_FAMILY = "1,2,3,4,7";
				TVOS_DEPLOYMENT_TARGET = 11.0;
				WATCHOS_DEPLOYMENT_TARGET = 4.0;
			};
			name = Debug;
		};
		8BFE64B52C7898C200DF770C /* Release */ = {
			isa = XCBuildConfiguration;
			buildSettings = {
				CODE_SIGN_STYLE = Automatic;
				CURRENT_PROJECT_VERSION = 4;
				DEFINES_MODULE = YES;
				DYLIB_COMPATIBILITY_VERSION = 1;
				DYLIB_CURRENT_VERSION = 1;
				DYLIB_INSTALL_NAME_BASE = "@rpath";
				ENABLE_MODULE_VERIFIER = YES;
				EXCLUDED_ARCHS = "";
				GENERATE_INFOPLIST_FILE = YES;
				INFOPLIST_KEY_NSHumanReadableCopyright = "";
				INSTALL_PATH = "$(LOCAL_LIBRARY_DIR)/Frameworks";
				IPHONEOS_DEPLOYMENT_TARGET = 11.0;
				LD_RUNPATH_SEARCH_PATHS = (
					"@executable_path/Frameworks",
					"@loader_path/Frameworks",
				);
				"LD_RUNPATH_SEARCH_PATHS[sdk=macosx*]" = (
					"@executable_path/../Frameworks",
					"@loader_path/Frameworks",
				);
				MACOSX_DEPLOYMENT_TARGET = 13.6;
				MARKETING_VERSION = 2.7.2;
				MODULE_VERIFIER_SUPPORTED_LANGUAGES = "objective-c objective-c++";
				MODULE_VERIFIER_SUPPORTED_LANGUAGE_STANDARDS = "gnu17 gnu++20";
				PRODUCT_BUNDLE_IDENTIFIER = org.zeit.asn1;
				PRODUCT_NAME = "$(TARGET_NAME:c99extidentifier)";
				SDKROOT = auto;
				SKIP_INSTALL = YES;
				SUPPORTED_PLATFORMS = "appletvos appletvsimulator iphoneos iphonesimulator macosx watchos watchsimulator xros xrsimulator";
				SUPPORTS_MACCATALYST = YES;
				SWIFT_EMIT_LOC_STRINGS = YES;
				SWIFT_VERSION = 5.0;
				TARGETED_DEVICE_FAMILY = "1,2,3,4,7";
				TVOS_DEPLOYMENT_TARGET = 11.0;
				WATCHOS_DEPLOYMENT_TARGET = 4.0;
			};
			name = Release;
		};
		8BFE64B72C7898C200DF770C /* Debug */ = {
			isa = XCBuildConfiguration;
			buildSettings = {
				ALWAYS_EMBED_SWIFT_STANDARD_LIBRARIES = YES;
				CODE_SIGN_STYLE = Automatic;
				CURRENT_PROJECT_VERSION = 1;
				GENERATE_INFOPLIST_FILE = YES;
				IPHONEOS_DEPLOYMENT_TARGET = 17.2;
				MACOSX_DEPLOYMENT_TARGET = 13.6;
				MARKETING_VERSION = 1.0;
				PRODUCT_BUNDLE_IDENTIFIER = org.zeit.ASN1Tests;
				PRODUCT_NAME = "$(TARGET_NAME)";
				SDKROOT = auto;
				SUPPORTED_PLATFORMS = macosx;
				SUPPORTS_MACCATALYST = NO;
				SWIFT_EMIT_LOC_STRINGS = NO;
				SWIFT_VERSION = 5.0;
			};
			name = Debug;
		};
		8BFE64B82C7898C200DF770C /* Release */ = {
			isa = XCBuildConfiguration;
			buildSettings = {
				ALWAYS_EMBED_SWIFT_STANDARD_LIBRARIES = YES;
				CODE_SIGN_STYLE = Automatic;
				CURRENT_PROJECT_VERSION = 1;
				GENERATE_INFOPLIST_FILE = YES;
				IPHONEOS_DEPLOYMENT_TARGET = 17.2;
				MACOSX_DEPLOYMENT_TARGET = 13.6;
				MARKETING_VERSION = 1.0;
				PRODUCT_BUNDLE_IDENTIFIER = org.zeit.ASN1Tests;
				PRODUCT_NAME = "$(TARGET_NAME)";
				SDKROOT = auto;
				SUPPORTED_PLATFORMS = macosx;
				SUPPORTS_MACCATALYST = NO;
				SWIFT_EMIT_LOC_STRINGS = NO;
				SWIFT_VERSION = 5.0;
			};
			name = Release;
		};
/* End XCBuildConfiguration section */

/* Begin XCConfigurationList section */
		8BFE649B2C7898C100DF770C /* Build configuration list for PBXProject "ASN1" */ = {
			isa = XCConfigurationList;
			buildConfigurations = (
				8BFE64B12C7898C200DF770C /* Debug */,
				8BFE64B22C7898C200DF770C /* Release */,
			);
			defaultConfigurationIsVisible = 0;
			defaultConfigurationName = Release;
		};
		8BFE64B32C7898C200DF770C /* Build configuration list for PBXNativeTarget "ASN1" */ = {
			isa = XCConfigurationList;
			buildConfigurations = (
				8BFE64B42C7898C200DF770C /* Debug */,
				8BFE64B52C7898C200DF770C /* Release */,
			);
			defaultConfigurationIsVisible = 0;
			defaultConfigurationName = Release;
		};
		8BFE64B62C7898C200DF770C /* Build configuration list for PBXNativeTarget "ASN1Tests" */ = {
			isa = XCConfigurationList;
			buildConfigurations = (
				8BFE64B72C7898C200DF770C /* Debug */,
				8BFE64B82C7898C200DF770C /* Release */,
			);
			defaultConfigurationIsVisible = 0;
			defaultConfigurationName = Release;
		};
/* End XCConfigurationList section */

/* Begin XCRemoteSwiftPackageReference section */
		8B6692CC2C78D0F300F1F8C7 /* XCRemoteSwiftPackageReference "BigInt" */ = {
			isa = XCRemoteSwiftPackageReference;
			repositoryURL = "https://github.com/mIwr/BigInt";
			requirement = {
				kind = upToNextMajorVersion;
				minimumVersion = 1.21.2;
			};
		};
/* End XCRemoteSwiftPackageReference section */

/* Begin XCSwiftPackageProductDependency section */
		8B6692CD2C78D0F300F1F8C7 /* BigInt */ = {
			isa = XCSwiftPackageProductDependency;
			package = 8B6692CC2C78D0F300F1F8C7 /* XCRemoteSwiftPackageReference "BigInt" */;
			productName = BigInt;
		};
/* End XCSwiftPackageProductDependency section */
	};
	rootObject = 8BFE64982C7898C100DF770C /* Project object */;
}
